<Solution>
  <Project Path="Ejercicio 10/Ejercicio 10.csproj" Id="45d98bdc-5dec-41af-b942-bce94db63c43" />
  <Project Path="Ejercicio 11/Ejercicio 11.csproj" Id="78eb70ac-967a-4732-9873-435af14b77a2" />
  <Project Path="Ejercicio 3/Ejercicio3.csproj" Id="6134fd2b-7ac2-4aa4-b127-5154da86930a" />
  <Project Path="Ejercicio1/Ejercicio1.csproj" Id="fe388936-b851-4174-b3ec-d40e54871f45" />
  <Project Path="Ejercicio2/Ejercicio2.csproj" Id="dd13ccc2-eb57-48df-ab97-88de1829d0bd" />
  <Project Path="Ejercicio4/Ejercicio4.csproj" Id="27aeb260-2c7f-4e12-ad94-16da87c3a47d" />
  <Project Path="Ejercicio5/Ejercicio5.csproj" Id="f4524333-2ec8-4c14-8220-2a8f29d6d07b" />
  <Project Path="Ejercicio6/Ejercicio6.csproj" Id="bc8c3b34-474f-4a27-80a5-4fffc72f3123" />
  <Project Path="Ejercicio7/Ejercicio7.csproj" Id="2248e9e6-a2a9-4e00-a054-5907c3a6b23f" />
  <Project Path="Ejercicio8/Ejercicio8.csproj" Id="bb9ebe9d-a116-4dc2-a21e-b2df96eb24d1" />
  <Project Path="Ejercicio9/Ejercicio9.csproj" Id="e49e0910-24ee-4098-b838-743b0827bc07" />
</Solution>
