<Solution>
  <Project Path="Ejercicio 3/Ejercicio3.csproj" Id="6134fd2b-7ac2-4aa4-b127-5154da86930a" />
  <Project Path="Ejercicio1/Ejercicio1.csproj" Id="fe388936-b851-4174-b3ec-d40e54871f45" />
  <Project Path="Ejercicio2/Ejercicio2.csproj" Id="dd13ccc2-eb57-48df-ab97-88de1829d0bd" />
  <Project Path="Ejercicio4/Ejercicio4.csproj" Id="27aeb260-2c7f-4e12-ad94-16da87c3a47d" />
  <Project Path="Ejercicio5/Ejercicio5.csproj" Id="f4524333-2ec8-4c14-8220-2a8f29d6d07b" />
</Solution>
